
Microsoft Visual Studio Solution File, Format Version 12.00
# Visual Studio 15
VisualStudioVersion = 15.0.28010.2026
MinimumVisualStudioVersion = 10.0.40219.1
Project("{9A19103F-16F7-4668-BE54-9A1E7A4F7556}") = "ClaptonStore", "ClaptonStore\ClaptonStore.csproj", "{2D5C6E25-DF73-4641-9404-4C8015FB39F1}"
EndProject
Project("{9A19103F-16F7-4668-BE54-9A1E7A4F7556}") = "ClaptonStore.Models", "ClaptonStore.Models\ClaptonStore.Models.csproj", "{329C7C22-4082-451A-9FCC-3A8057EF8689}"
EndProject
Project("{9A19103F-16F7-4668-BE54-9A1E7A4F7556}") = "ClaptonStore.Data", "ClaptonStore.Data\ClaptonStore.Data.csproj", "{39DB5ECA-D1E8-434B-B712-2DE5E2E871BA}"
EndProject
Project("{FAE04EC0-301F-11D3-BF4B-00C04F79EFBC}") = "ClaptonStore.Utilities", "ClaptonStore.Utilities\ClaptonStore.Utilities.csproj", "{4F7D3548-65C1-44D0-8ECF-4CCC19CD4741}"
EndProject
Project("{FAE04EC0-301F-11D3-BF4B-00C04F79EFBC}") = "ClaptonStore.Services", "ClaptonStore.Services\ClaptonStore.Services.csproj", "{9B9AA3E9-20ED-4F5F-9233-8FE1B3F6FB5E}"
EndProject
Global
	GlobalSection(SolutionConfigurationPlatforms) = preSolution
		Debug|Any CPU = Debug|Any CPU
		Release|Any CPU = Release|Any CPU
	EndGlobalSection
	GlobalSection(ProjectConfigurationPlatforms) = postSolution
		{2D5C6E25-DF73-4641-9404-4C8015FB39F1}.Debug|Any CPU.ActiveCfg = Debug|Any CPU
		{2D5C6E25-DF73-4641-9404-4C8015FB39F1}.Debug|Any CPU.Build.0 = Debug|Any CPU
		{2D5C6E25-DF73-4641-9404-4C8015FB39F1}.Release|Any CPU.ActiveCfg = Release|Any CPU
		{2D5C6E25-DF73-4641-9404-4C8015FB39F1}.Release|Any CPU.Build.0 = Release|Any CPU
		{329C7C22-4082-451A-9FCC-3A8057EF8689}.Debug|Any CPU.ActiveCfg = Debug|Any CPU
		{329C7C22-4082-451A-9FCC-3A8057EF8689}.Debug|Any CPU.Build.0 = Debug|Any CPU
		{329C7C22-4082-451A-9FCC-3A8057EF8689}.Release|Any CPU.ActiveCfg = Release|Any CPU
		{329C7C22-4082-451A-9FCC-3A8057EF8689}.Release|Any CPU.Build.0 = Release|Any CPU
		{39DB5ECA-D1E8-434B-B712-2DE5E2E871BA}.Debug|Any CPU.ActiveCfg = Debug|Any CPU
		{39DB5ECA-D1E8-434B-B712-2DE5E2E871BA}.Debug|Any CPU.Build.0 = Debug|Any CPU
		{39DB5ECA-D1E8-434B-B712-2DE5E2E871BA}.Release|Any CPU.ActiveCfg = Release|Any CPU
		{39DB5ECA-D1E8-434B-B712-2DE5E2E871BA}.Release|Any CPU.Build.0 = Release|Any CPU
		{4F7D3548-65C1-44D0-8ECF-4CCC19CD4741}.Debug|Any CPU.ActiveCfg = Debug|Any CPU
		{4F7D3548-65C1-44D0-8ECF-4CCC19CD4741}.Debug|Any CPU.Build.0 = Debug|Any CPU
		{4F7D3548-65C1-44D0-8ECF-4CCC19CD4741}.Release|Any CPU.ActiveCfg = Release|Any CPU
		{4F7D3548-65C1-44D0-8ECF-4CCC19CD4741}.Release|Any CPU.Build.0 = Release|Any CPU
		{9B9AA3E9-20ED-4F5F-9233-8FE1B3F6FB5E}.Debug|Any CPU.ActiveCfg = Debug|Any CPU
		{9B9AA3E9-20ED-4F5F-9233-8FE1B3F6FB5E}.Debug|Any CPU.Build.0 = Debug|Any CPU
		{9B9AA3E9-20ED-4F5F-9233-8FE1B3F6FB5E}.Release|Any CPU.ActiveCfg = Release|Any CPU
		{9B9AA3E9-20ED-4F5F-9233-8FE1B3F6FB5E}.Release|Any CPU.Build.0 = Release|Any CPU
	EndGlobalSection
	GlobalSection(SolutionProperties) = preSolution
		HideSolutionNode = FALSE
	EndGlobalSection
	GlobalSection(ExtensibilityGlobals) = postSolution
		SolutionGuid = {9830C176-2B0C-4F29-9436-CF415DA25FA2}
	EndGlobalSection
EndGlobal
